// !$*UTF8*$!
{
	archiveVersion = 1;
	classes = {
	};
	objectVersion = 50;
	objects = {

/* Begin PBXBuildFile section */
		C40469652568D39E00698104 /* IPResponse.swift in Sources */ = {isa = PBXBuildFile; fileRef = C40469642568D39E00698104 /* IPResponse.swift */; };
		C404696D2568D55D00698104 /* APIService.swift in Sources */ = {isa = PBXBuildFile; fileRef = C404696C2568D55D00698104 /* APIService.swift */; };
		C40469722568D5E200698104 /* Constant.swift in Sources */ = {isa = PBXBuildFile; fileRef = C40469712568D5E200698104 /* Constant.swift */; };
		C490152D2568D076002A4432 /* AppDelegate.swift in Sources */ = {isa = PBXBuildFile; fileRef = C490152C2568D076002A4432 /* AppDelegate.swift */; };
		C490152F2568D076002A4432 /* SceneDelegate.swift in Sources */ = {isa = PBXBuildFile; fileRef = C490152E2568D076002A4432 /* SceneDelegate.swift */; };
		C49015312568D076002A4432 /* ViewController.swift in Sources */ = {isa = PBXBuildFile; fileRef = C49015302568D076002A4432 /* ViewController.swift */; };
		C49015342568D076002A4432 /* Main.storyboard in Resources */ = {isa = PBXBuildFile; fileRef = C49015322568D076002A4432 /* Main.storyboard */; };
		C49015362568D079002A4432 /* Assets.xcassets in Resources */ = {isa = PBXBuildFile; fileRef = C49015352568D079002A4432 /* Assets.xcassets */; };
		C49015392568D079002A4432 /* LaunchScreen.storyboard in Resources */ = {isa = PBXBuildFile; fileRef = C49015372568D079002A4432 /* LaunchScreen.storyboard */; };
		C49015442568D079002A4432 /* iplocatorTests.swift in Sources */ = {isa = PBXBuildFile; fileRef = C49015432568D079002A4432 /* iplocatorTests.swift */; };
		C490154F2568D079002A4432 /* iplocatorUITests.swift in Sources */ = {isa = PBXBuildFile; fileRef = C490154E2568D079002A4432 /* iplocatorUITests.swift */; };
/* End PBXBuildFile section */

/* Begin PBXContainerItemProxy section */
		C49015402568D079002A4432 /* PBXContainerItemProxy */ = {
			isa = PBXContainerItemProxy;
			containerPortal = C49015212568D076002A4432 /* Project object */;
			proxyType = 1;
			remoteGlobalIDString = C49015282568D076002A4432;
			remoteInfo = iplocator;
		};
		C490154B2568D079002A4432 /* PBXContainerItemProxy */ = {
			isa = PBXContainerItemProxy;
			containerPortal = C49015212568D076002A4432 /* Project object */;
			proxyType = 1;
			remoteGlobalIDString = C49015282568D076002A4432;
			remoteInfo = iplocator;
		};
/* End PBXContainerItemProxy section */

/* Begin PBXFileReference section */
		C40469642568D39E00698104 /* IPResponse.swift */ = {isa = PBXFileReference; lastKnownFileType = sourcecode.swift; path = IPResponse.swift; sourceTree = "<group>"; };
		C404696C2568D55D00698104 /* APIService.swift */ = {isa = PBXFileReference; lastKnownFileType = sourcecode.swift; path = APIService.swift; sourceTree = "<group>"; };
		C40469712568D5E200698104 /* Constant.swift */ = {isa = PBXFileReference; lastKnownFileType = sourcecode.swift; path = Constant.swift; sourceTree = "<group>"; };
		C49015292568D076002A4432 /* iplocator.app */ = {isa = PBXFileReference; explicitFileType = wrapper.application; includeInIndex = 0; path = iplocator.app; sourceTree = BUILT_PRODUCTS_DIR; };
		C490152C2568D076002A4432 /* AppDelegate.swift */ = {isa = PBXFileReference; lastKnownFileType = sourcecode.swift; path = AppDelegate.swift; sourceTree = "<group>"; };
		C490152E2568D076002A4432 /* SceneDelegate.swift */ = {isa = PBXFileReference; lastKnownFileType = sourcecode.swift; path = SceneDelegate.swift; sourceTree = "<group>"; };
		C49015302568D076002A4432 /* ViewController.swift */ = {isa = PBXFileReference; lastKnownFileType = sourcecode.swift; path = ViewController.swift; sourceTree = "<group>"; };
		C49015332568D076002A4432 /* Base */ = {isa = PBXFileReference; lastKnownFileType = file.storyboard; name = Base; path = Base.lproj/Main.storyboard; sourceTree = "<group>"; };
		C49015352568D079002A4432 /* Assets.xcassets */ = {isa = PBXFileReference; lastKnownFileType = folder.assetcatalog; path = Assets.xcassets; sourceTree = "<group>"; };
		C49015382568D079002A4432 /* Base */ = {isa = PBXFileReference; lastKnownFileType = file.storyboard; name = Base; path = Base.lproj/LaunchScreen.storyboard; sourceTree = "<group>"; };
		C490153A2568D079002A4432 /* Info.plist */ = {isa = PBXFileReference; lastKnownFileType = text.plist.xml; path = Info.plist; sourceTree = "<group>"; };
		C490153F2568D079002A4432 /* iplocatorTests.xctest */ = {isa = PBXFileReference; explicitFileType = wrapper.cfbundle; includeInIndex = 0; path = iplocatorTests.xctest; sourceTree = BUILT_PRODUCTS_DIR; };
		C49015432568D079002A4432 /* iplocatorTests.swift */ = {isa = PBXFileReference; lastKnownFileType = sourcecode.swift; path = iplocatorTests.swift; sourceTree = "<group>"; };
		C49015452568D079002A4432 /* Info.plist */ = {isa = PBXFileReference; lastKnownFileType = text.plist.xml; path = Info.plist; sourceTree = "<group>"; };
		C490154A2568D079002A4432 /* iplocatorUITests.xctest */ = {isa = PBXFileReference; explicitFileType = wrapper.cfbundle; includeInIndex = 0; path = iplocatorUITests.xctest; sourceTree = BUILT_PRODUCTS_DIR; };
		C490154E2568D079002A4432 /* iplocatorUITests.swift */ = {isa = PBXFileReference; lastKnownFileType = sourcecode.swift; path = iplocatorUITests.swift; sourceTree = "<group>"; };
		C49015502568D079002A4432 /* Info.plist */ = {isa = PBXFileReference; lastKnownFileType = text.plist.xml; path = Info.plist; sourceTree = "<group>"; };
/* End PBXFileReference section */

/* Begin PBXFrameworksBuildPhase section */
		C49015262568D076002A4432 /* Frameworks */ = {
			isa = PBXFrameworksBuildPhase;
			buildActionMask = 2147483647;
			files = (
			);
			runOnlyForDeploymentPostprocessing = 0;
		};
		C490153C2568D079002A4432 /* Frameworks */ = {
			isa = PBXFrameworksBuildPhase;
			buildActionMask = 2147483647;
			files = (
			);
			runOnlyForDeploymentPostprocessing = 0;
		};
		C49015472568D079002A4432 /* Frameworks */ = {
			isa = PBXFrameworksBuildPhase;
			buildActionMask = 2147483647;
			files = (
			);
			runOnlyForDeploymentPostprocessing = 0;
		};
/* End PBXFrameworksBuildPhase section */

/* Begin PBXGroup section */
		C40469632568D31500698104 /* IP API */ = {
			isa = PBXGroup;
			children = (
				C40469642568D39E00698104 /* IPResponse.swift */,
				C404696C2568D55D00698104 /* APIService.swift */,
			);
			path = "IP API";
			sourceTree = "<group>";
		};
		C49015202568D076002A4432 = {
			isa = PBXGroup;
			children = (
				C490152B2568D076002A4432 /* iplocator */,
				C49015422568D079002A4432 /* iplocatorTests */,
				C490154D2568D079002A4432 /* iplocatorUITests */,
				C490152A2568D076002A4432 /* Products */,
			);
			sourceTree = "<group>";
		};
		C490152A2568D076002A4432 /* Products */ = {
			isa = PBXGroup;
			children = (
				C49015292568D076002A4432 /* iplocator.app */,
				C490153F2568D079002A4432 /* iplocatorTests.xctest */,
				C490154A2568D079002A4432 /* iplocatorUITests.xctest */,
			);
			name = Products;
			sourceTree = "<group>";
		};
		C490152B2568D076002A4432 /* iplocator */ = {
			isa = PBXGroup;
			children = (
				C40469632568D31500698104 /* IP API */,
				C490152C2568D076002A4432 /* AppDelegate.swift */,
				C490152E2568D076002A4432 /* SceneDelegate.swift */,
				C49015302568D076002A4432 /* ViewController.swift */,
				C49015322568D076002A4432 /* Main.storyboard */,
				C49015352568D079002A4432 /* Assets.xcassets */,
				C49015372568D079002A4432 /* LaunchScreen.storyboard */,
				C490153A2568D079002A4432 /* Info.plist */,
				C40469712568D5E200698104 /* Constant.swift */,
			);
			path = iplocator;
			sourceTree = "<group>";
		};
		C49015422568D079002A4432 /* iplocatorTests */ = {
			isa = PBXGroup;
			children = (
				C49015432568D079002A4432 /* iplocatorTests.swift */,
				C49015452568D079002A4432 /* Info.plist */,
			);
			path = iplocatorTests;
			sourceTree = "<group>";
		};
		C490154D2568D079002A4432 /* iplocatorUITests */ = {
			isa = PBXGroup;
			children = (
				C490154E2568D079002A4432 /* iplocatorUITests.swift */,
				C49015502568D079002A4432 /* Info.plist */,
			);
			path = iplocatorUITests;
			sourceTree = "<group>";
		};
/* End PBXGroup section */

/* Begin PBXNativeTarget section */
		C49015282568D076002A4432 /* iplocator */ = {
			isa = PBXNativeTarget;
			buildConfigurationList = C49015532568D079002A4432 /* Build configuration list for PBXNativeTarget "iplocator" */;
			buildPhases = (
				C49015252568D076002A4432 /* Sources */,
				C49015262568D076002A4432 /* Frameworks */,
				C49015272568D076002A4432 /* Resources */,
			);
			buildRules = (
			);
			dependencies = (
			);
			name = iplocator;
			productName = iplocator;
			productReference = C49015292568D076002A4432 /* iplocator.app */;
			productType = "com.apple.product-type.application";
		};
		C490153E2568D079002A4432 /* iplocatorTests */ = {
			isa = PBXNativeTarget;
			buildConfigurationList = C49015562568D079002A4432 /* Build configuration list for PBXNativeTarget "iplocatorTests" */;
			buildPhases = (
				C490153B2568D079002A4432 /* Sources */,
				C490153C2568D079002A4432 /* Frameworks */,
				C490153D2568D079002A4432 /* Resources */,
			);
			buildRules = (
			);
			dependencies = (
				C49015412568D079002A4432 /* PBXTargetDependency */,
			);
			name = iplocatorTests;
			productName = iplocatorTests;
			productReference = C490153F2568D079002A4432 /* iplocatorTests.xctest */;
			productType = "com.apple.product-type.bundle.unit-test";
		};
		C49015492568D079002A4432 /* iplocatorUITests */ = {
			isa = PBXNativeTarget;
			buildConfigurationList = C49015592568D079002A4432 /* Build configuration list for PBXNativeTarget "iplocatorUITests" */;
			buildPhases = (
				C49015462568D079002A4432 /* Sources */,
				C49015472568D079002A4432 /* Frameworks */,
				C49015482568D079002A4432 /* Resources */,
			);
			buildRules = (
			);
			dependencies = (
				C490154C2568D079002A4432 /* PBXTargetDependency */,
			);
			name = iplocatorUITests;
			productName = iplocatorUITests;
			productReference = C490154A2568D079002A4432 /* iplocatorUITests.xctest */;
			productType = "com.apple.product-type.bundle.ui-testing";
		};
/* End PBXNativeTarget section */

/* Begin PBXProject section */
		C49015212568D076002A4432 /* Project object */ = {
			isa = PBXProject;
			attributes = {
				LastSwiftUpdateCheck = 1200;
				LastUpgradeCheck = 1200;
				TargetAttributes = {
					C49015282568D076002A4432 = {
						CreatedOnToolsVersion = 12.0.1;
					};
					C490153E2568D079002A4432 = {
						CreatedOnToolsVersion = 12.0.1;
						TestTargetID = C49015282568D076002A4432;
					};
					C49015492568D079002A4432 = {
						CreatedOnToolsVersion = 12.0.1;
						TestTargetID = C49015282568D076002A4432;
					};
				};
			};
			buildConfigurationList = C49015242568D076002A4432 /* Build configuration list for PBXProject "iplocator" */;
			compatibilityVersion = "Xcode 9.3";
			developmentRegion = en;
			hasScannedForEncodings = 0;
			knownRegions = (
				en,
				Base,
			);
			mainGroup = C49015202568D076002A4432;
			productRefGroup = C490152A2568D076002A4432 /* Products */;
			projectDirPath = "";
			projectRoot = "";
			targets = (
				C49015282568D076002A4432 /* iplocator */,
				C490153E2568D079002A4432 /* iplocatorTests */,
				C49015492568D079002A4432 /* iplocatorUITests */,
			);
		};
/* End PBXProject section */

/* Begin PBXResourcesBuildPhase section */
		C49015272568D076002A4432 /* Resources */ = {
			isa = PBXResourcesBuildPhase;
			buildActionMask = 2147483647;
			files = (
				C49015392568D079002A4432 /* LaunchScreen.storyboard in Resources */,
				C49015362568D079002A4432 /* Assets.xcassets in Resources */,
				C49015342568D076002A4432 /* Main.storyboard in Resources */,
			);
			runOnlyForDeploymentPostprocessing = 0;
		};
		C490153D2568D079002A4432 /* Resources */ = {
			isa = PBXResourcesBuildPhase;
			buildActionMask = 2147483647;
			files = (
			);
			runOnlyForDeploymentPostprocessing = 0;
		};
		C49015482568D079002A4432 /* Resources */ = {
			isa = PBXResourcesBuildPhase;
			buildActionMask = 2147483647;
			files = (
			);
			runOnlyForDeploymentPostprocessing = 0;
		};
/* End PBXResourcesBuildPhase section */

/* Begin PBXSourcesBuildPhase section */
		C49015252568D076002A4432 /* Sources */ = {
			isa = PBXSourcesBuildPhase;
			buildActionMask = 2147483647;
			files = (
				C49015312568D076002A4432 /* ViewController.swift in Sources */,
				C404696D2568D55D00698104 /* APIService.swift in Sources */,
				C490152D2568D076002A4432 /* AppDelegate.swift in Sources */,
				C490152F2568D076002A4432 /* SceneDelegate.swift in Sources */,
				C40469652568D39E00698104 /* IPResponse.swift in Sources */,
				C40469722568D5E200698104 /* Constant.swift in Sources */,
			);
			runOnlyForDeploymentPostprocessing = 0;
		};
		C490153B2568D079002A4432 /* Sources */ = {
			isa = PBXSourcesBuildPhase;
			buildActionMask = 2147483647;
			files = (
				C49015442568D079002A4432 /* iplocatorTests.swift in Sources */,
			);
			runOnlyForDeploymentPostprocessing = 0;
		};
		C49015462568D079002A4432 /* Sources */ = {
			isa = PBXSourcesBuildPhase;
			buildActionMask = 2147483647;
			files = (
				C490154F2568D079002A4432 /* iplocatorUITests.swift in Sources */,
			);
			runOnlyForDeploymentPostprocessing = 0;
		};
/* End PBXSourcesBuildPhase section */

/* Begin PBXTargetDependency section */
		C49015412568D079002A4432 /* PBXTargetDependency */ = {
			isa = PBXTargetDependency;
			target = C49015282568D076002A4432 /* iplocator */;
			targetProxy = C49015402568D079002A4432 /* PBXContainerItemProxy */;
		};
		C490154C2568D079002A4432 /* PBXTargetDependency */ = {
			isa = PBXTargetDependency;
			target = C49015282568D076002A4432 /* iplocator */;
			targetProxy = C490154B2568D079002A4432 /* PBXContainerItemProxy */;
		};
/* End PBXTargetDependency section */

/* Begin PBXVariantGroup section */
		C49015322568D076002A4432 /* Main.storyboard */ = {
			isa = PBXVariantGroup;
			children = (
				C49015332568D076002A4432 /* Base */,
			);
			name = Main.storyboard;
			sourceTree = "<group>";
		};
		C49015372568D079002A4432 /* LaunchScreen.storyboard */ = {
			isa = PBXVariantGroup;
			children = (
				C49015382568D079002A4432 /* Base */,
			);
			name = LaunchScreen.storyboard;
			sourceTree = "<group>";
		};
/* End PBXVariantGroup section */

/* Begin XCBuildConfiguration section */
		C49015512568D079002A4432 /* Debug */ = {
			isa = XCBuildConfiguration;
			buildSettings = {
				ALWAYS_SEARCH_USER_PATHS = NO;
				CLANG_ANALYZER_NONNULL = YES;
				CLANG_ANALYZER_NUMBER_OBJECT_CONVERSION = YES_AGGRESSIVE;
				CLANG_CXX_LANGUAGE_STANDARD = "gnu++14";
				CLANG_CXX_LIBRARY = "libc++";
				CLANG_ENABLE_MODULES = YES;
				CLANG_ENABLE_OBJC_ARC = YES;
				CLANG_ENABLE_OBJC_WEAK = YES;
				CLANG_WARN_BLOCK_CAPTURE_AUTORELEASING = YES;
				CLANG_WARN_BOOL_CONVERSION = YES;
				CLANG_WARN_COMMA = YES;
				CLANG_WARN_CONSTANT_CONVERSION = YES;
				CLANG_WARN_DEPRECATED_OBJC_IMPLEMENTATIONS = YES;
				CLANG_WARN_DIRECT_OBJC_ISA_USAGE = YES_ERROR;
				CLANG_WARN_DOCUMENTATION_COMMENTS = YES;
				CLANG_WARN_EMPTY_BODY = YES;
				CLANG_WARN_ENUM_CONVERSION = YES;
				CLANG_WARN_INFINITE_RECURSION = YES;
				CLANG_WARN_INT_CONVERSION = YES;
				CLANG_WARN_NON_LITERAL_NULL_CONVERSION = YES;
				CLANG_WARN_OBJC_IMPLICIT_RETAIN_SELF = YES;
				CLANG_WARN_OBJC_LITERAL_CONVERSION = YES;
				CLANG_WARN_OBJC_ROOT_CLASS = YES_ERROR;
				CLANG_WARN_QUOTED_INCLUDE_IN_FRAMEWORK_HEADER = YES;
				CLANG_WARN_RANGE_LOOP_ANALYSIS = YES;
				CLANG_WARN_STRICT_PROTOTYPES = YES;
				CLANG_WARN_SUSPICIOUS_MOVE = YES;
				CLANG_WARN_UNGUARDED_AVAILABILITY = YES_AGGRESSIVE;
				CLANG_WARN_UNREACHABLE_CODE = YES;
				CLANG_WARN__DUPLICATE_METHOD_MATCH = YES;
				COPY_PHASE_STRIP = NO;
				DEBUG_INFORMATION_FORMAT = dwarf;
				ENABLE_STRICT_OBJC_MSGSEND = YES;
				ENABLE_TESTABILITY = YES;
				GCC_C_LANGUAGE_STANDARD = gnu11;
				GCC_DYNAMIC_NO_PIC = NO;
				GCC_NO_COMMON_BLOCKS = YES;
				GCC_OPTIMIZATION_LEVEL = 0;
				GCC_PREPROCESSOR_DEFINITIONS = (
					"DEBUG=1",
					"$(inherited)",
				);
				GCC_WARN_64_TO_32_BIT_CONVERSION = YES;
				GCC_WARN_ABOUT_RETURN_TYPE = YES_ERROR;
				GCC_WARN_UNDECLARED_SELECTOR = YES;
				GCC_WARN_UNINITIALIZED_AUTOS = YES_AGGRESSIVE;
				GCC_WARN_UNUSED_FUNCTION = YES;
				GCC_WARN_UNUSED_VARIABLE = YES;
				IPHONEOS_DEPLOYMENT_TARGET = 14.0;
				MTL_ENABLE_DEBUG_INFO = INCLUDE_SOURCE;
				MTL_FAST_MATH = YES;
				ONLY_ACTIVE_ARCH = YES;
				SDKROOT = iphoneos;
				SWIFT_ACTIVE_COMPILATION_CONDITIONS = DEBUG;
				SWIFT_OPTIMIZATION_LEVEL = "-Onone";
			};
			name = Debug;
		};
		C49015522568D079002A4432 /* Release */ = {
			isa = XCBuildConfiguration;
			buildSettings = {
				ALWAYS_SEARCH_USER_PATHS = NO;
				CLANG_ANALYZER_NONNULL = YES;
				CLANG_ANALYZER_NUMBER_OBJECT_CONVERSION = YES_AGGRESSIVE;
				CLANG_CXX_LANGUAGE_STANDARD = "gnu++14";
				CLANG_CXX_LIBRARY = "libc++";
				CLANG_ENABLE_MODULES = YES;
				CLANG_ENABLE_OBJC_ARC = YES;
				CLANG_ENABLE_OBJC_WEAK = YES;
				CLANG_WARN_BLOCK_CAPTURE_AUTORELEASING = YES;
				CLANG_WARN_BOOL_CONVERSION = YES;
				CLANG_WARN_COMMA = YES;
				CLANG_WARN_CONSTANT_CONVERSION = YES;
				CLANG_WARN_DEPRECATED_OBJC_IMPLEMENTATIONS = YES;
				CLANG_WARN_DIRECT_OBJC_ISA_USAGE = YES_ERROR;
				CLANG_WARN_DOCUMENTATION_COMMENTS = YES;
				CLANG_WARN_EMPTY_BODY = YES;
				CLANG_WARN_ENUM_CONVERSION = YES;
				CLANG_WARN_INFINITE_RECURSION = YES;
				CLANG_WARN_INT_CONVERSION = YES;
				CLANG_WARN_NON_LITERAL_NULL_CONVERSION = YES;
				CLANG_WARN_OBJC_IMPLICIT_RETAIN_SELF = YES;
				CLANG_WARN_OBJC_LITERAL_CONVERSION = YES;
				CLANG_WARN_OBJC_ROOT_CLASS = YES_ERROR;
				CLANG_WARN_QUOTED_INCLUDE_IN_FRAMEWORK_HEADER = YES;
				CLANG_WARN_RANGE_LOOP_ANALYSIS = YES;
				CLANG_WARN_STRICT_PROTOTYPES = YES;
				CLANG_WARN_SUSPICIOUS_MOVE = YES;
				CLANG_WARN_UNGUARDED_AVAILABILITY = YES_AGGRESSIVE;
				CLANG_WARN_UNREACHABLE_CODE = YES;
				CLANG_WARN__DUPLICATE_METHOD_MATCH = YES;
				COPY_PHASE_STRIP = NO;
				DEBUG_INFORMATION_FORMAT = "dwarf-with-dsym";
				ENABLE_NS_ASSERTIONS = NO;
				ENABLE_STRICT_OBJC_MSGSEND = YES;
				GCC_C_LANGUAGE_STANDARD = gnu11;
				GCC_NO_COMMON_BLOCKS = YES;
				GCC_WARN_64_TO_32_BIT_CONVERSION = YES;
				GCC_WARN_ABOUT_RETURN_TYPE = YES_ERROR;
				GCC_WARN_UNDECLARED_SELECTOR = YES;
				GCC_WARN_UNINITIALIZED_AUTOS = YES_AGGRESSIVE;
				GCC_WARN_UNUSED_FUNCTION = YES;
				GCC_WARN_UNUSED_VARIABLE = YES;
				IPHONEOS_DEPLOYMENT_TARGET = 14.0;
				MTL_ENABLE_DEBUG_INFO = NO;
				MTL_FAST_MATH = YES;
				SDKROOT = iphoneos;
				SWIFT_COMPILATION_MODE = wholemodule;
				SWIFT_OPTIMIZATION_LEVEL = "-O";
				VALIDATE_PRODUCT = YES;
			};
			name = Release;
		};
		C49015542568D079002A4432 /* Debug */ = {
			isa = XCBuildConfiguration;
			buildSettings = {
				ASSETCATALOG_COMPILER_APPICON_NAME = AppIcon;
				ASSETCATALOG_COMPILER_GLOBAL_ACCENT_COLOR_NAME = AccentColor;
				CODE_SIGN_STYLE = Automatic;
				INFOPLIST_FILE = iplocator/Info.plist;
				LD_RUNPATH_SEARCH_PATHS = (
					"$(inherited)",
					"@executable_path/Frameworks",
				);
				PRODUCT_BUNDLE_IDENTIFIER = com.derekquinn.iplocator;
				PRODUCT_NAME = "$(TARGET_NAME)";
				SWIFT_VERSION = 5.0;
				TARGETED_DEVICE_FAMILY = "1,2";
			};
			name = Debug;
		};
		C49015552568D079002A4432 /* Release */ = {
			isa = XCBuildConfiguration;
			buildSettings = {
				ASSETCATALOG_COMPILER_APPICON_NAME = AppIcon;
				ASSETCATALOG_COMPILER_GLOBAL_ACCENT_COLOR_NAME = AccentColor;
				CODE_SIGN_STYLE = Automatic;
				INFOPLIST_FILE = iplocator/Info.plist;
				LD_RUNPATH_SEARCH_PATHS = (
					"$(inherited)",
					"@executable_path/Frameworks",
				);
				PRODUCT_BUNDLE_IDENTIFIER = com.derekquinn.iplocator;
				PRODUCT_NAME = "$(TARGET_NAME)";
				SWIFT_VERSION = 5.0;
				TARGETED_DEVICE_FAMILY = "1,2";
			};
			name = Release;
		};
		C49015572568D079002A4432 /* Debug */ = {
			isa = XCBuildConfiguration;
			buildSettings = {
				ALWAYS_EMBED_SWIFT_STANDARD_LIBRARIES = YES;
				BUNDLE_LOADER = "$(TEST_HOST)";
				CODE_SIGN_STYLE = Automatic;
				INFOPLIST_FILE = iplocatorTests/Info.plist;
				IPHONEOS_DEPLOYMENT_TARGET = 14.0;
				LD_RUNPATH_SEARCH_PATHS = (
					"$(inherited)",
					"@executable_path/Frameworks",
					"@loader_path/Frameworks",
				);
				PRODUCT_BUNDLE_IDENTIFIER = com.derekquinn.iplocatorTests;
				PRODUCT_NAME = "$(TARGET_NAME)";
				SWIFT_VERSION = 5.0;
				TARGETED_DEVICE_FAMILY = "1,2";
				TEST_HOST = "$(BUILT_PRODUCTS_DIR)/iplocator.app/iplocator";
			};
			name = Debug;
		};
		C49015582568D079002A4432 /* Release */ = {
			isa = XCBuildConfiguration;
			buildSettings = {
				ALWAYS_EMBED_SWIFT_STANDARD_LIBRARIES = YES;
				BUNDLE_LOADER = "$(TEST_HOST)";
				CODE_SIGN_STYLE = Automatic;
				INFOPLIST_FILE = iplocatorTests/Info.plist;
				IPHONEOS_DEPLOYMENT_TARGET = 14.0;
				LD_RUNPATH_SEARCH_PATHS = (
					"$(inherited)",
					"@executable_path/Frameworks",
					"@loader_path/Frameworks",
				);
				PRODUCT_BUNDLE_IDENTIFIER = com.derekquinn.iplocatorTests;
				PRODUCT_NAME = "$(TARGET_NAME)";
				SWIFT_VERSION = 5.0;
				TARGETED_DEVICE_FAMILY = "1,2";
				TEST_HOST = "$(BUILT_PRODUCTS_DIR)/iplocator.app/iplocator";
			};
			name = Release;
		};
		C490155A2568D079002A4432 /* Debug */ = {
			isa = XCBuildConfiguration;
			buildSettings = {
				ALWAYS_EMBED_SWIFT_STANDARD_LIBRARIES = YES;
				CODE_SIGN_STYLE = Automatic;
				INFOPLIST_FILE = iplocatorUITests/Info.plist;
				LD_RUNPATH_SEARCH_PATHS = (
					"$(inherited)",
					"@executable_path/Frameworks",
					"@loader_path/Frameworks",
				);
				PRODUCT_BUNDLE_IDENTIFIER = com.derekquinn.iplocatorUITests;
				PRODUCT_NAME = "$(TARGET_NAME)";
				SWIFT_VERSION = 5.0;
				TARGETED_DEVICE_FAMILY = "1,2";
				TEST_TARGET_NAME = iplocator;
			};
			name = Debug;
		};
		C490155B2568D079002A4432 /* Release */ = {
			isa = XCBuildConfiguration;
			buildSettings = {
				ALWAYS_EMBED_SWIFT_STANDARD_LIBRARIES = YES;
				CODE_SIGN_STYLE = Automatic;
				INFOPLIST_FILE = iplocatorUITests/Info.plist;
				LD_RUNPATH_SEARCH_PATHS = (
					"$(inherited)",
					"@executable_path/Frameworks",
					"@loader_path/Frameworks",
				);
				PRODUCT_BUNDLE_IDENTIFIER = com.derekquinn.iplocatorUITests;
				PRODUCT_NAME = "$(TARGET_NAME)";
				SWIFT_VERSION = 5.0;
				TARGETED_DEVICE_FAMILY = "1,2";
				TEST_TARGET_NAME = iplocator;
			};
			name = Release;
		};
/* End XCBuildConfiguration section */

/* Begin XCConfigurationList section */
		C49015242568D076002A4432 /* Build configuration list for PBXProject "iplocator" */ = {
			isa = XCConfigurationList;
			buildConfigurations = (
				C49015512568D079002A4432 /* Debug */,
				C49015522568D079002A4432 /* Release */,
			);
			defaultConfigurationIsVisible = 0;
			defaultConfigurationName = Release;
		};
		C49015532568D079002A4432 /* Build configuration list for PBXNativeTarget "iplocator" */ = {
			isa = XCConfigurationList;
			buildConfigurations = (
				C49015542568D079002A4432 /* Debug */,
				C49015552568D079002A4432 /* Release */,
			);
			defaultConfigurationIsVisible = 0;
			defaultConfigurationName = Release;
		};
		C49015562568D079002A4432 /* Build configuration list for PBXNativeTarget "iplocatorTests" */ = {
			isa = XCConfigurationList;
			buildConfigurations = (
				C49015572568D079002A4432 /* Debug */,
				C49015582568D079002A4432 /* Release */,
			);
			defaultConfigurationIsVisible = 0;
			defaultConfigurationName = Release;
		};
		C49015592568D079002A4432 /* Build configuration list for PBXNativeTarget "iplocatorUITests" */ = {
			isa = XCConfigurationList;
			buildConfigurations = (
				C490155A2568D079002A4432 /* Debug */,
				C490155B2568D079002A4432 /* Release */,
			);
			defaultConfigurationIsVisible = 0;
			defaultConfigurationName = Release;
		};
/* End XCConfigurationList section */
	};
	rootObject = C49015212568D076002A4432 /* Project object */;
}
